# THIS IS AN AUTOGENERATED FILE. DO NOT EDIT THIS FILE DIRECTLY.
# yarn lockfile v1


dnssd@^0.4.1:
  version "0.4.1"
  resolved "https://registry.yarnpkg.com/dnssd/-/dnssd-0.4.1.tgz#0c9a726bc5deaf0ed416b05ef57be80dbba5c585"
  integrity sha512-mEz5Ii+o+k3kYHTXY6fTLOjCwraX8TQowIgUySAbEYuGqtSMbfBc/tvDZ8wGPywnmlLE6/XeXi6qPcAKVTvPUQ==
